
Microsoft Visual Studio Solution File, Format Version 12.00
# Visual Studio Version 16
VisualStudioVersion = 16.0.29709.97
MinimumVisualStudioVersion = 10.0.40219.1
Project("{9A19103F-16F7-4668-BE54-9A1E7A4F7556}") = "tarot_reader", "tarot_reader\tarot_reader.csproj", "{89D743AC-0F0A-405E-A394-FE08E44A6411}"
EndProject
Project("{FAE04EC0-301F-11D3-BF4B-00C04F79EFBC}") = "tarot_reader_test", "tarot_reader_test\tarot_reader_test.csproj", "{A4E72E5B-7A64-4731-844A-1E161D82483E}"
EndProject
Global
	GlobalSection(SolutionConfigurationPlatforms) = preSolution
		Debug|Any CPU = Debug|Any CPU
		Release|Any CPU = Release|Any CPU
	EndGlobalSection
	GlobalSection(ProjectConfigurationPlatforms) = postSolution
		{89D743AC-0F0A-405E-A394-FE08E44A6411}.Debug|Any CPU.ActiveCfg = Debug|Any CPU
		{89D743AC-0F0A-405E-A394-FE08E44A6411}.Debug|Any CPU.Build.0 = Debug|Any CPU
		{89D743AC-0F0A-405E-A394-FE08E44A6411}.Release|Any CPU.ActiveCfg = Release|Any CPU
		{89D743AC-0F0A-405E-A394-FE08E44A6411}.Release|Any CPU.Build.0 = Release|Any CPU
		{A4E72E5B-7A64-4731-844A-1E161D82483E}.Debug|Any CPU.ActiveCfg = Debug|Any CPU
		{A4E72E5B-7A64-4731-844A-1E161D82483E}.Debug|Any CPU.Build.0 = Debug|Any CPU
		{A4E72E5B-7A64-4731-844A-1E161D82483E}.Release|Any CPU.ActiveCfg = Release|Any CPU
		{A4E72E5B-7A64-4731-844A-1E161D82483E}.Release|Any CPU.Build.0 = Release|Any CPU
	EndGlobalSection
	GlobalSection(SolutionProperties) = preSolution
		HideSolutionNode = FALSE
	EndGlobalSection
	GlobalSection(ExtensibilityGlobals) = postSolution
		SolutionGuid = {9FFEFF1B-0A61-4AA2-A268-E7C9F4F98B44}
	EndGlobalSection
EndGlobal
